
Microsoft Visual Studio Solution File, Format Version 12.00
# Visual Studio Version 16
VisualStudioVersion = 16.0.30114.105
MinimumVisualStudioVersion = 10.0.40219.1
Project("{2150E333-8FDC-42A3-9474-1A3956D46DE8}") = "src", "src", "{8528963A-CE76-4F84-81B6-C577CA3277E8}"
EndProject
Project("{2150E333-8FDC-42A3-9474-1A3956D46DE8}") = "services", "services", "{FDF60DE9-D53F-434B-B893-F26828F11EBB}"
EndProject
Project("{2150E333-8FDC-42A3-9474-1A3956D46DE8}") = "user", "user", "{9A01C43C-EDAC-4A52-8931-5B25CFBA2529}"
EndProject
Project("{FAE04EC0-301F-11D3-BF4B-00C04F79EFBC}") = "User.API", "src\services\user\User.API\User.API.csproj", "{C824C282-266D-41DE-8343-5223950EFDBD}"
EndProject
Project("{FAE04EC0-301F-11D3-BF4B-00C04F79EFBC}") = "User.Domain", "src\services\user\User.Domain\User.Domain.csproj", "{71660D7A-2401-42ED-9C62-75D86F61AD7C}"
EndProject
Project("{FAE04EC0-301F-11D3-BF4B-00C04F79EFBC}") = "User.Core", "src\services\user\User.Core\User.Core.csproj", "{A94C5755-5585-47C3-80EA-41DE00B0E3E2}"
EndProject
Project("{FAE04EC0-301F-11D3-BF4B-00C04F79EFBC}") = "User.Service", "src\services\user\User.Service\User.Service.csproj", "{F9DFE601-C7D6-40EB-A069-B3DC0E3ED319}"
EndProject
Project("{FAE04EC0-301F-11D3-BF4B-00C04F79EFBC}") = "User.Infra", "src\services\user\User.Infra\User.Infra.csproj", "{D4DDFBD7-CBCB-4F29-A54F-868FDB8FF65A}"
EndProject
Project("{2150E333-8FDC-42A3-9474-1A3956D46DE8}") = "motorcycle", "motorcycle", "{CB452DC6-C4EC-4F63-99B4-741048033590}"
EndProject
Project("{FAE04EC0-301F-11D3-BF4B-00C04F79EFBC}") = "Motorcycle.API", "src\services\motorcycle\Motorcycle.API\Motorcycle.API.csproj", "{B6026561-B873-4A41-A5BE-1466BBBFBCDB}"
EndProject
Project("{FAE04EC0-301F-11D3-BF4B-00C04F79EFBC}") = "Motorcycle.Core", "src\services\motorcycle\Motorcycle.Core\Motorcycle.Core.csproj", "{787B5AAA-7700-4535-98CB-53A144064A9B}"
EndProject
Project("{FAE04EC0-301F-11D3-BF4B-00C04F79EFBC}") = "Motorcycle.Domain", "src\services\motorcycle\Motorcycle.Domain\Motorcycle.Domain.csproj", "{FC80A4E6-A43F-4154-BA3F-EDC6D7127336}"
EndProject
Project("{FAE04EC0-301F-11D3-BF4B-00C04F79EFBC}") = "Motorcycle.Infra", "src\services\motorcycle\Motorcycle.Infra\Motorcycle.Infra.csproj", "{EF81E31B-C95A-4DEA-BCF0-1D1944AF91A7}"
EndProject
Project("{FAE04EC0-301F-11D3-BF4B-00C04F79EFBC}") = "Motorcycle.Service", "src\services\motorcycle\Motorcycle.Service\Motorcycle.Service.csproj", "{3E5E9428-A88A-4AFE-BBD4-69409BD21E29}"
EndProject
Project("{2150E333-8FDC-42A3-9474-1A3956D46DE8}") = "rent", "rent", "{42902C0F-9BD0-4DCF-8B08-ACE5A2559A4F}"
EndProject
Project("{FAE04EC0-301F-11D3-BF4B-00C04F79EFBC}") = "Rent.API", "src\services\rent\Rent.API\Rent.API.csproj", "{B79DDEA7-2B8E-402B-A981-C2FEAF878BA6}"
EndProject
Project("{FAE04EC0-301F-11D3-BF4B-00C04F79EFBC}") = "Rent.Core", "src\services\rent\Rent.Core\Rent.Core.csproj", "{E1E89701-1F91-4761-B3BF-342EADCF0C26}"
EndProject
Project("{FAE04EC0-301F-11D3-BF4B-00C04F79EFBC}") = "Rent.Domain", "src\services\rent\Rent.Domain\Rent.Domain.csproj", "{702B2312-3B47-4301-8971-E44A98413FEA}"
EndProject
Project("{FAE04EC0-301F-11D3-BF4B-00C04F79EFBC}") = "Rent.Infra", "src\services\rent\Rent.Infra\Rent.Infra.csproj", "{AEFFDB4B-011A-4EE3-A971-5D4DB0CF4930}"
EndProject
Project("{FAE04EC0-301F-11D3-BF4B-00C04F79EFBC}") = "Rent.Service", "src\services\rent\Rent.Service\Rent.Service.csproj", "{8ABC6E3E-2433-4EFA-B96B-5F872F597744}"
EndProject
Project("{2150E333-8FDC-42A3-9474-1A3956D46DE8}") = "plan", "plan", "{EC0BDCC6-F9A1-4724-8586-D4D39CA92DCB}"
EndProject
Project("{FAE04EC0-301F-11D3-BF4B-00C04F79EFBC}") = "Plan.API", "src\services\plan\Plan.API\Plan.API.csproj", "{DBF3BD8B-220B-4C81-A6E1-374D459EEE7C}"
EndProject
Project("{FAE04EC0-301F-11D3-BF4B-00C04F79EFBC}") = "Plan.Domain", "src\services\plan\Plan.Domain\Plan.Domain.csproj", "{AC2DB393-F35B-491E-A704-6EF737ED63FB}"
EndProject
Project("{FAE04EC0-301F-11D3-BF4B-00C04F79EFBC}") = "Plan.Core", "src\services\plan\Plan.Core\Plan.Core.csproj", "{32606BF7-85BE-4C4F-9207-DD6E8892238B}"
EndProject
Project("{FAE04EC0-301F-11D3-BF4B-00C04F79EFBC}") = "Plan.Service", "src\services\plan\Plan.Service\Plan.Service.csproj", "{E0CEEF8C-0DD2-48DA-9218-ACF60B60F2EC}"
EndProject
Project("{FAE04EC0-301F-11D3-BF4B-00C04F79EFBC}") = "Plan.Infra", "src\services\plan\Plan.Infra\Plan.Infra.csproj", "{9E8AE9DB-407B-4E1F-884C-431946417A25}"
EndProject
Project("{2150E333-8FDC-42A3-9474-1A3956D46DE8}") = "logger", "logger", "{ED070F3A-4729-4638-8042-95BD4FE11A87}"
EndProject
Project("{FAE04EC0-301F-11D3-BF4B-00C04F79EFBC}") = "Logger.API", "src\services\logger\Logger.API\Logger.API.csproj", "{9169F72C-0EDD-45AB-A2A6-889BA05F0E32}"
EndProject
Project("{2150E333-8FDC-42A3-9474-1A3956D46DE8}") = "BusConnection", "BusConnection", "{BB387CD9-5130-4888-9BEF-8B15E89D66FB}"
EndProject
Project("{FAE04EC0-301F-11D3-BF4B-00C04F79EFBC}") = "BusConnection.Core", "src\BusConnection\BusConnection.Core\BusConnections.Core.csproj", "{E9F67619-9F29-4C72-982A-6AACC821AD20}"
EndProject
Project("{FAE04EC0-301F-11D3-BF4B-00C04F79EFBC}") = "BusConnection.Events", "src\BusConnection\BusConnection.Events\BusConnections.Events.csproj", "{3878FCF3-1704-4CA2-99DC-7447A38E4A0B}"
EndProject
Project("{2150E333-8FDC-42A3-9474-1A3956D46DE8}") = "order", "order", "{512223C8-A28C-4795-B6C1-E6356013281F}"
EndProject
Project("{FAE04EC0-301F-11D3-BF4B-00C04F79EFBC}") = "Order.Domain", "src\services\order\Order.Domain\Order.Domain.csproj", "{A21B6412-EA3E-426A-9EA0-7C0D8F67E569}"
EndProject
Project("{FAE04EC0-301F-11D3-BF4B-00C04F79EFBC}") = "Order.Core", "src\services\order\Order.Core\Order.Core.csproj", "{9A204B69-7899-4935-B996-EEB1ABD66A18}"
EndProject
Project("{FAE04EC0-301F-11D3-BF4B-00C04F79EFBC}") = "Order.Infra", "src\services\order\Order.Infra\Order.Infra.csproj", "{0D41332B-80C9-40C3-8083-FA877AE9DA96}"
EndProject
Project("{FAE04EC0-301F-11D3-BF4B-00C04F79EFBC}") = "Order.Service", "src\services\order\Order.Service\Order.Service.csproj", "{C8756C94-3ED7-4A65-8F32-5A64BC784A28}"
EndProject
Project("{FAE04EC0-301F-11D3-BF4B-00C04F79EFBC}") = "Order.API", "src\services\order\Order.API\Order.API.csproj", "{A10A6717-6DBB-42EC-90F9-AB3EE5690C12}"
EndProject
Project("{2150E333-8FDC-42A3-9474-1A3956D46DE8}") = "tests", "tests", "{37D52C7C-CCA7-4B51-B9F9-E2A2AC569EBB}"
EndProject
Project("{FAE04EC0-301F-11D3-BF4B-00C04F79EFBC}") = "Order.Tests", "src\tests\Order.Tests\Order.Tests.csproj", "{E0875C6E-5768-47DB-A4CA-D6DE3E3E26C0}"
EndProject
Global
	GlobalSection(SolutionConfigurationPlatforms) = preSolution
		Debug|Any CPU = Debug|Any CPU
		Release|Any CPU = Release|Any CPU
	EndGlobalSection
	GlobalSection(ProjectConfigurationPlatforms) = postSolution
		{C824C282-266D-41DE-8343-5223950EFDBD}.Debug|Any CPU.ActiveCfg = Debug|Any CPU
		{C824C282-266D-41DE-8343-5223950EFDBD}.Debug|Any CPU.Build.0 = Debug|Any CPU
		{C824C282-266D-41DE-8343-5223950EFDBD}.Release|Any CPU.ActiveCfg = Release|Any CPU
		{C824C282-266D-41DE-8343-5223950EFDBD}.Release|Any CPU.Build.0 = Release|Any CPU
		{71660D7A-2401-42ED-9C62-75D86F61AD7C}.Debug|Any CPU.ActiveCfg = Debug|Any CPU
		{71660D7A-2401-42ED-9C62-75D86F61AD7C}.Debug|Any CPU.Build.0 = Debug|Any CPU
		{71660D7A-2401-42ED-9C62-75D86F61AD7C}.Release|Any CPU.ActiveCfg = Release|Any CPU
		{71660D7A-2401-42ED-9C62-75D86F61AD7C}.Release|Any CPU.Build.0 = Release|Any CPU
		{A94C5755-5585-47C3-80EA-41DE00B0E3E2}.Debug|Any CPU.ActiveCfg = Debug|Any CPU
		{A94C5755-5585-47C3-80EA-41DE00B0E3E2}.Debug|Any CPU.Build.0 = Debug|Any CPU
		{A94C5755-5585-47C3-80EA-41DE00B0E3E2}.Release|Any CPU.ActiveCfg = Release|Any CPU
		{A94C5755-5585-47C3-80EA-41DE00B0E3E2}.Release|Any CPU.Build.0 = Release|Any CPU
		{F9DFE601-C7D6-40EB-A069-B3DC0E3ED319}.Debug|Any CPU.ActiveCfg = Debug|Any CPU
		{F9DFE601-C7D6-40EB-A069-B3DC0E3ED319}.Debug|Any CPU.Build.0 = Debug|Any CPU
		{F9DFE601-C7D6-40EB-A069-B3DC0E3ED319}.Release|Any CPU.ActiveCfg = Release|Any CPU
		{F9DFE601-C7D6-40EB-A069-B3DC0E3ED319}.Release|Any CPU.Build.0 = Release|Any CPU
		{D4DDFBD7-CBCB-4F29-A54F-868FDB8FF65A}.Debug|Any CPU.ActiveCfg = Debug|Any CPU
		{D4DDFBD7-CBCB-4F29-A54F-868FDB8FF65A}.Debug|Any CPU.Build.0 = Debug|Any CPU
		{D4DDFBD7-CBCB-4F29-A54F-868FDB8FF65A}.Release|Any CPU.ActiveCfg = Release|Any CPU
		{D4DDFBD7-CBCB-4F29-A54F-868FDB8FF65A}.Release|Any CPU.Build.0 = Release|Any CPU
		{B6026561-B873-4A41-A5BE-1466BBBFBCDB}.Debug|Any CPU.ActiveCfg = Debug|Any CPU
		{B6026561-B873-4A41-A5BE-1466BBBFBCDB}.Debug|Any CPU.Build.0 = Debug|Any CPU
		{B6026561-B873-4A41-A5BE-1466BBBFBCDB}.Release|Any CPU.ActiveCfg = Release|Any CPU
		{B6026561-B873-4A41-A5BE-1466BBBFBCDB}.Release|Any CPU.Build.0 = Release|Any CPU
		{787B5AAA-7700-4535-98CB-53A144064A9B}.Debug|Any CPU.ActiveCfg = Debug|Any CPU
		{787B5AAA-7700-4535-98CB-53A144064A9B}.Debug|Any CPU.Build.0 = Debug|Any CPU
		{787B5AAA-7700-4535-98CB-53A144064A9B}.Release|Any CPU.ActiveCfg = Release|Any CPU
		{787B5AAA-7700-4535-98CB-53A144064A9B}.Release|Any CPU.Build.0 = Release|Any CPU
		{FC80A4E6-A43F-4154-BA3F-EDC6D7127336}.Debug|Any CPU.ActiveCfg = Debug|Any CPU
		{FC80A4E6-A43F-4154-BA3F-EDC6D7127336}.Debug|Any CPU.Build.0 = Debug|Any CPU
		{FC80A4E6-A43F-4154-BA3F-EDC6D7127336}.Release|Any CPU.ActiveCfg = Release|Any CPU
		{FC80A4E6-A43F-4154-BA3F-EDC6D7127336}.Release|Any CPU.Build.0 = Release|Any CPU
		{EF81E31B-C95A-4DEA-BCF0-1D1944AF91A7}.Debug|Any CPU.ActiveCfg = Debug|Any CPU
		{EF81E31B-C95A-4DEA-BCF0-1D1944AF91A7}.Debug|Any CPU.Build.0 = Debug|Any CPU
		{EF81E31B-C95A-4DEA-BCF0-1D1944AF91A7}.Release|Any CPU.ActiveCfg = Release|Any CPU
		{EF81E31B-C95A-4DEA-BCF0-1D1944AF91A7}.Release|Any CPU.Build.0 = Release|Any CPU
		{3E5E9428-A88A-4AFE-BBD4-69409BD21E29}.Debug|Any CPU.ActiveCfg = Debug|Any CPU
		{3E5E9428-A88A-4AFE-BBD4-69409BD21E29}.Debug|Any CPU.Build.0 = Debug|Any CPU
		{3E5E9428-A88A-4AFE-BBD4-69409BD21E29}.Release|Any CPU.ActiveCfg = Release|Any CPU
		{3E5E9428-A88A-4AFE-BBD4-69409BD21E29}.Release|Any CPU.Build.0 = Release|Any CPU
		{B79DDEA7-2B8E-402B-A981-C2FEAF878BA6}.Debug|Any CPU.ActiveCfg = Debug|Any CPU
		{B79DDEA7-2B8E-402B-A981-C2FEAF878BA6}.Debug|Any CPU.Build.0 = Debug|Any CPU
		{B79DDEA7-2B8E-402B-A981-C2FEAF878BA6}.Release|Any CPU.ActiveCfg = Release|Any CPU
		{B79DDEA7-2B8E-402B-A981-C2FEAF878BA6}.Release|Any CPU.Build.0 = Release|Any CPU
		{E1E89701-1F91-4761-B3BF-342EADCF0C26}.Debug|Any CPU.ActiveCfg = Debug|Any CPU
		{E1E89701-1F91-4761-B3BF-342EADCF0C26}.Debug|Any CPU.Build.0 = Debug|Any CPU
		{E1E89701-1F91-4761-B3BF-342EADCF0C26}.Release|Any CPU.ActiveCfg = Release|Any CPU
		{E1E89701-1F91-4761-B3BF-342EADCF0C26}.Release|Any CPU.Build.0 = Release|Any CPU
		{702B2312-3B47-4301-8971-E44A98413FEA}.Debug|Any CPU.ActiveCfg = Debug|Any CPU
		{702B2312-3B47-4301-8971-E44A98413FEA}.Debug|Any CPU.Build.0 = Debug|Any CPU
		{702B2312-3B47-4301-8971-E44A98413FEA}.Release|Any CPU.ActiveCfg = Release|Any CPU
		{702B2312-3B47-4301-8971-E44A98413FEA}.Release|Any CPU.Build.0 = Release|Any CPU
		{AEFFDB4B-011A-4EE3-A971-5D4DB0CF4930}.Debug|Any CPU.ActiveCfg = Debug|Any CPU
		{AEFFDB4B-011A-4EE3-A971-5D4DB0CF4930}.Debug|Any CPU.Build.0 = Debug|Any CPU
		{AEFFDB4B-011A-4EE3-A971-5D4DB0CF4930}.Release|Any CPU.ActiveCfg = Release|Any CPU
		{AEFFDB4B-011A-4EE3-A971-5D4DB0CF4930}.Release|Any CPU.Build.0 = Release|Any CPU
		{8ABC6E3E-2433-4EFA-B96B-5F872F597744}.Debug|Any CPU.ActiveCfg = Debug|Any CPU
		{8ABC6E3E-2433-4EFA-B96B-5F872F597744}.Debug|Any CPU.Build.0 = Debug|Any CPU
		{8ABC6E3E-2433-4EFA-B96B-5F872F597744}.Release|Any CPU.ActiveCfg = Release|Any CPU
		{8ABC6E3E-2433-4EFA-B96B-5F872F597744}.Release|Any CPU.Build.0 = Release|Any CPU
		{DBF3BD8B-220B-4C81-A6E1-374D459EEE7C}.Debug|Any CPU.ActiveCfg = Debug|Any CPU
		{DBF3BD8B-220B-4C81-A6E1-374D459EEE7C}.Debug|Any CPU.Build.0 = Debug|Any CPU
		{DBF3BD8B-220B-4C81-A6E1-374D459EEE7C}.Release|Any CPU.ActiveCfg = Release|Any CPU
		{DBF3BD8B-220B-4C81-A6E1-374D459EEE7C}.Release|Any CPU.Build.0 = Release|Any CPU
		{AC2DB393-F35B-491E-A704-6EF737ED63FB}.Debug|Any CPU.ActiveCfg = Debug|Any CPU
		{AC2DB393-F35B-491E-A704-6EF737ED63FB}.Debug|Any CPU.Build.0 = Debug|Any CPU
		{AC2DB393-F35B-491E-A704-6EF737ED63FB}.Release|Any CPU.ActiveCfg = Release|Any CPU
		{AC2DB393-F35B-491E-A704-6EF737ED63FB}.Release|Any CPU.Build.0 = Release|Any CPU
		{32606BF7-85BE-4C4F-9207-DD6E8892238B}.Debug|Any CPU.ActiveCfg = Debug|Any CPU
		{32606BF7-85BE-4C4F-9207-DD6E8892238B}.Debug|Any CPU.Build.0 = Debug|Any CPU
		{32606BF7-85BE-4C4F-9207-DD6E8892238B}.Release|Any CPU.ActiveCfg = Release|Any CPU
		{32606BF7-85BE-4C4F-9207-DD6E8892238B}.Release|Any CPU.Build.0 = Release|Any CPU
		{E0CEEF8C-0DD2-48DA-9218-ACF60B60F2EC}.Debug|Any CPU.ActiveCfg = Debug|Any CPU
		{E0CEEF8C-0DD2-48DA-9218-ACF60B60F2EC}.Debug|Any CPU.Build.0 = Debug|Any CPU
		{E0CEEF8C-0DD2-48DA-9218-ACF60B60F2EC}.Release|Any CPU.ActiveCfg = Release|Any CPU
		{E0CEEF8C-0DD2-48DA-9218-ACF60B60F2EC}.Release|Any CPU.Build.0 = Release|Any CPU
		{9E8AE9DB-407B-4E1F-884C-431946417A25}.Debug|Any CPU.ActiveCfg = Debug|Any CPU
		{9E8AE9DB-407B-4E1F-884C-431946417A25}.Debug|Any CPU.Build.0 = Debug|Any CPU
		{9E8AE9DB-407B-4E1F-884C-431946417A25}.Release|Any CPU.ActiveCfg = Release|Any CPU
		{9E8AE9DB-407B-4E1F-884C-431946417A25}.Release|Any CPU.Build.0 = Release|Any CPU
		{9169F72C-0EDD-45AB-A2A6-889BA05F0E32}.Debug|Any CPU.ActiveCfg = Debug|Any CPU
		{9169F72C-0EDD-45AB-A2A6-889BA05F0E32}.Debug|Any CPU.Build.0 = Debug|Any CPU
		{9169F72C-0EDD-45AB-A2A6-889BA05F0E32}.Release|Any CPU.ActiveCfg = Release|Any CPU
		{9169F72C-0EDD-45AB-A2A6-889BA05F0E32}.Release|Any CPU.Build.0 = Release|Any CPU
		{E9F67619-9F29-4C72-982A-6AACC821AD20}.Debug|Any CPU.ActiveCfg = Debug|Any CPU
		{E9F67619-9F29-4C72-982A-6AACC821AD20}.Debug|Any CPU.Build.0 = Debug|Any CPU
		{E9F67619-9F29-4C72-982A-6AACC821AD20}.Release|Any CPU.ActiveCfg = Release|Any CPU
		{E9F67619-9F29-4C72-982A-6AACC821AD20}.Release|Any CPU.Build.0 = Release|Any CPU
		{3878FCF3-1704-4CA2-99DC-7447A38E4A0B}.Debug|Any CPU.ActiveCfg = Debug|Any CPU
		{3878FCF3-1704-4CA2-99DC-7447A38E4A0B}.Debug|Any CPU.Build.0 = Debug|Any CPU
		{3878FCF3-1704-4CA2-99DC-7447A38E4A0B}.Release|Any CPU.ActiveCfg = Release|Any CPU
		{3878FCF3-1704-4CA2-99DC-7447A38E4A0B}.Release|Any CPU.Build.0 = Release|Any CPU
		{A21B6412-EA3E-426A-9EA0-7C0D8F67E569}.Debug|Any CPU.ActiveCfg = Debug|Any CPU
		{A21B6412-EA3E-426A-9EA0-7C0D8F67E569}.Debug|Any CPU.Build.0 = Debug|Any CPU
		{A21B6412-EA3E-426A-9EA0-7C0D8F67E569}.Release|Any CPU.ActiveCfg = Release|Any CPU
		{A21B6412-EA3E-426A-9EA0-7C0D8F67E569}.Release|Any CPU.Build.0 = Release|Any CPU
		{9A204B69-7899-4935-B996-EEB1ABD66A18}.Debug|Any CPU.ActiveCfg = Debug|Any CPU
		{9A204B69-7899-4935-B996-EEB1ABD66A18}.Debug|Any CPU.Build.0 = Debug|Any CPU
		{9A204B69-7899-4935-B996-EEB1ABD66A18}.Release|Any CPU.ActiveCfg = Release|Any CPU
		{9A204B69-7899-4935-B996-EEB1ABD66A18}.Release|Any CPU.Build.0 = Release|Any CPU
		{0D41332B-80C9-40C3-8083-FA877AE9DA96}.Debug|Any CPU.ActiveCfg = Debug|Any CPU
		{0D41332B-80C9-40C3-8083-FA877AE9DA96}.Debug|Any CPU.Build.0 = Debug|Any CPU
		{0D41332B-80C9-40C3-8083-FA877AE9DA96}.Release|Any CPU.ActiveCfg = Release|Any CPU
		{0D41332B-80C9-40C3-8083-FA877AE9DA96}.Release|Any CPU.Build.0 = Release|Any CPU
		{C8756C94-3ED7-4A65-8F32-5A64BC784A28}.Debug|Any CPU.ActiveCfg = Debug|Any CPU
		{C8756C94-3ED7-4A65-8F32-5A64BC784A28}.Debug|Any CPU.Build.0 = Debug|Any CPU
		{C8756C94-3ED7-4A65-8F32-5A64BC784A28}.Release|Any CPU.ActiveCfg = Release|Any CPU
		{C8756C94-3ED7-4A65-8F32-5A64BC784A28}.Release|Any CPU.Build.0 = Release|Any CPU
		{A10A6717-6DBB-42EC-90F9-AB3EE5690C12}.Debug|Any CPU.ActiveCfg = Debug|Any CPU
		{A10A6717-6DBB-42EC-90F9-AB3EE5690C12}.Debug|Any CPU.Build.0 = Debug|Any CPU
		{A10A6717-6DBB-42EC-90F9-AB3EE5690C12}.Release|Any CPU.ActiveCfg = Release|Any CPU
		{A10A6717-6DBB-42EC-90F9-AB3EE5690C12}.Release|Any CPU.Build.0 = Release|Any CPU
		{E0875C6E-5768-47DB-A4CA-D6DE3E3E26C0}.Debug|Any CPU.ActiveCfg = Debug|Any CPU
		{E0875C6E-5768-47DB-A4CA-D6DE3E3E26C0}.Debug|Any CPU.Build.0 = Debug|Any CPU
		{E0875C6E-5768-47DB-A4CA-D6DE3E3E26C0}.Release|Any CPU.ActiveCfg = Release|Any CPU
		{E0875C6E-5768-47DB-A4CA-D6DE3E3E26C0}.Release|Any CPU.Build.0 = Release|Any CPU
	EndGlobalSection
	GlobalSection(SolutionProperties) = preSolution
		HideSolutionNode = FALSE
	EndGlobalSection
	GlobalSection(NestedProjects) = preSolution
		{FDF60DE9-D53F-434B-B893-F26828F11EBB} = {8528963A-CE76-4F84-81B6-C577CA3277E8}
		{9A01C43C-EDAC-4A52-8931-5B25CFBA2529} = {FDF60DE9-D53F-434B-B893-F26828F11EBB}
		{C824C282-266D-41DE-8343-5223950EFDBD} = {9A01C43C-EDAC-4A52-8931-5B25CFBA2529}
		{71660D7A-2401-42ED-9C62-75D86F61AD7C} = {9A01C43C-EDAC-4A52-8931-5B25CFBA2529}
		{A94C5755-5585-47C3-80EA-41DE00B0E3E2} = {9A01C43C-EDAC-4A52-8931-5B25CFBA2529}
		{F9DFE601-C7D6-40EB-A069-B3DC0E3ED319} = {9A01C43C-EDAC-4A52-8931-5B25CFBA2529}
		{D4DDFBD7-CBCB-4F29-A54F-868FDB8FF65A} = {9A01C43C-EDAC-4A52-8931-5B25CFBA2529}
		{CB452DC6-C4EC-4F63-99B4-741048033590} = {FDF60DE9-D53F-434B-B893-F26828F11EBB}
		{B6026561-B873-4A41-A5BE-1466BBBFBCDB} = {CB452DC6-C4EC-4F63-99B4-741048033590}
		{787B5AAA-7700-4535-98CB-53A144064A9B} = {CB452DC6-C4EC-4F63-99B4-741048033590}
		{FC80A4E6-A43F-4154-BA3F-EDC6D7127336} = {CB452DC6-C4EC-4F63-99B4-741048033590}
		{EF81E31B-C95A-4DEA-BCF0-1D1944AF91A7} = {CB452DC6-C4EC-4F63-99B4-741048033590}
		{3E5E9428-A88A-4AFE-BBD4-69409BD21E29} = {CB452DC6-C4EC-4F63-99B4-741048033590}
		{42902C0F-9BD0-4DCF-8B08-ACE5A2559A4F} = {FDF60DE9-D53F-434B-B893-F26828F11EBB}
		{B79DDEA7-2B8E-402B-A981-C2FEAF878BA6} = {42902C0F-9BD0-4DCF-8B08-ACE5A2559A4F}
		{E1E89701-1F91-4761-B3BF-342EADCF0C26} = {42902C0F-9BD0-4DCF-8B08-ACE5A2559A4F}
		{702B2312-3B47-4301-8971-E44A98413FEA} = {42902C0F-9BD0-4DCF-8B08-ACE5A2559A4F}
		{AEFFDB4B-011A-4EE3-A971-5D4DB0CF4930} = {42902C0F-9BD0-4DCF-8B08-ACE5A2559A4F}
		{8ABC6E3E-2433-4EFA-B96B-5F872F597744} = {42902C0F-9BD0-4DCF-8B08-ACE5A2559A4F}
		{EC0BDCC6-F9A1-4724-8586-D4D39CA92DCB} = {FDF60DE9-D53F-434B-B893-F26828F11EBB}
		{DBF3BD8B-220B-4C81-A6E1-374D459EEE7C} = {EC0BDCC6-F9A1-4724-8586-D4D39CA92DCB}
		{AC2DB393-F35B-491E-A704-6EF737ED63FB} = {EC0BDCC6-F9A1-4724-8586-D4D39CA92DCB}
		{32606BF7-85BE-4C4F-9207-DD6E8892238B} = {EC0BDCC6-F9A1-4724-8586-D4D39CA92DCB}
		{E0CEEF8C-0DD2-48DA-9218-ACF60B60F2EC} = {EC0BDCC6-F9A1-4724-8586-D4D39CA92DCB}
		{9E8AE9DB-407B-4E1F-884C-431946417A25} = {EC0BDCC6-F9A1-4724-8586-D4D39CA92DCB}
		{ED070F3A-4729-4638-8042-95BD4FE11A87} = {FDF60DE9-D53F-434B-B893-F26828F11EBB}
		{9169F72C-0EDD-45AB-A2A6-889BA05F0E32} = {ED070F3A-4729-4638-8042-95BD4FE11A87}
		{BB387CD9-5130-4888-9BEF-8B15E89D66FB} = {8528963A-CE76-4F84-81B6-C577CA3277E8}
		{E9F67619-9F29-4C72-982A-6AACC821AD20} = {BB387CD9-5130-4888-9BEF-8B15E89D66FB}
		{3878FCF3-1704-4CA2-99DC-7447A38E4A0B} = {BB387CD9-5130-4888-9BEF-8B15E89D66FB}
		{512223C8-A28C-4795-B6C1-E6356013281F} = {FDF60DE9-D53F-434B-B893-F26828F11EBB}
		{A21B6412-EA3E-426A-9EA0-7C0D8F67E569} = {512223C8-A28C-4795-B6C1-E6356013281F}
		{9A204B69-7899-4935-B996-EEB1ABD66A18} = {512223C8-A28C-4795-B6C1-E6356013281F}
		{0D41332B-80C9-40C3-8083-FA877AE9DA96} = {512223C8-A28C-4795-B6C1-E6356013281F}
		{C8756C94-3ED7-4A65-8F32-5A64BC784A28} = {512223C8-A28C-4795-B6C1-E6356013281F}
		{A10A6717-6DBB-42EC-90F9-AB3EE5690C12} = {512223C8-A28C-4795-B6C1-E6356013281F}
		{37D52C7C-CCA7-4B51-B9F9-E2A2AC569EBB} = {8528963A-CE76-4F84-81B6-C577CA3277E8}
		{E0875C6E-5768-47DB-A4CA-D6DE3E3E26C0} = {37D52C7C-CCA7-4B51-B9F9-E2A2AC569EBB}
	EndGlobalSection
EndGlobal
