
Microsoft Visual Studio Solution File, Format Version 12.00
# Visual Studio Version 17
VisualStudioVersion = 17.0.31903.59
MinimumVisualStudioVersion = 10.0.40219.1
Project("{FAE04EC0-301F-11D3-BF4B-00C04F79EFBC}") = "MottuRentalApp", "MottuRentalApp\MottuRentalApp.csproj", "{04F61F6C-D37C-4239-A8F1-2CF10F979723}"
EndProject
Project("{FAE04EC0-301F-11D3-BF4B-00C04F79EFBC}") = "MottuRentalApp.Tests", "MottuRentalApp.Tests\MottuRentalApp.Tests.csproj", "{E8444E13-C5F1-4340-A388-2FE942071655}"
EndProject
Project("{2150E333-8FDC-42A3-9474-1A3956D46DE8}") = "Solution Items", "Solution Items", "{894437A2-7EA6-4267-807D-C9581EC03E95}"
	ProjectSection(SolutionItems) = preProject
		.editorconfig = .editorconfig
	EndProjectSection
EndProject
Global
	GlobalSection(SolutionConfigurationPlatforms) = preSolution
		Debug|Any CPU = Debug|Any CPU
		Release|Any CPU = Release|Any CPU
	EndGlobalSection
	GlobalSection(SolutionProperties) = preSolution
		HideSolutionNode = FALSE
	EndGlobalSection
	GlobalSection(ProjectConfigurationPlatforms) = postSolution
		{04F61F6C-D37C-4239-A8F1-2CF10F979723}.Debug|Any CPU.ActiveCfg = Debug|Any CPU
		{04F61F6C-D37C-4239-A8F1-2CF10F979723}.Debug|Any CPU.Build.0 = Debug|Any CPU
		{04F61F6C-D37C-4239-A8F1-2CF10F979723}.Release|Any CPU.ActiveCfg = Release|Any CPU
		{04F61F6C-D37C-4239-A8F1-2CF10F979723}.Release|Any CPU.Build.0 = Release|Any CPU
		{E8444E13-C5F1-4340-A388-2FE942071655}.Debug|Any CPU.ActiveCfg = Debug|Any CPU
		{E8444E13-C5F1-4340-A388-2FE942071655}.Debug|Any CPU.Build.0 = Debug|Any CPU
		{E8444E13-C5F1-4340-A388-2FE942071655}.Release|Any CPU.ActiveCfg = Release|Any CPU
		{E8444E13-C5F1-4340-A388-2FE942071655}.Release|Any CPU.Build.0 = Release|Any CPU
	EndGlobalSection
EndGlobal
