
Microsoft Visual Studio Solution File, Format Version 12.00
Project("{FAE04EC0-301F-11D3-BF4B-00C04F79EFBC}") = "Motorent.Domain", "src\Motorent.Domain\Motorent.Domain.csproj", "{EFF765F1-FC47-4BDA-B3DA-5A1AC1DA3123}"
EndProject
Project("{FAE04EC0-301F-11D3-BF4B-00C04F79EFBC}") = "Motorent.Application", "src\Motorent.Application\Motorent.Application.csproj", "{534055CF-D270-4352-B880-15FAFEBEFEC9}"
EndProject
Project("{FAE04EC0-301F-11D3-BF4B-00C04F79EFBC}") = "Motorent.Contracts", "src\Motorent.Contracts\Motorent.Contracts.csproj", "{86DF314D-A7AF-4D94-80D7-5B29FF1DC371}"
EndProject
Project("{FAE04EC0-301F-11D3-BF4B-00C04F79EFBC}") = "Motorent.Infrastructure", "src\Motorent.Infrastructure\Motorent.Infrastructure.csproj", "{CB9198CF-9846-4B3F-AD35-3F57D48BF31F}"
EndProject
Project("{FAE04EC0-301F-11D3-BF4B-00C04F79EFBC}") = "Motorent.Presentation", "src\Motorent.Presentation\Motorent.Presentation.csproj", "{EF927DA2-0BFF-4BD7-8C95-24BD4B29AB1C}"
EndProject
Project("{FAE04EC0-301F-11D3-BF4B-00C04F79EFBC}") = "Motorent.Api", "src\Motorent.Api\Motorent.Api.csproj", "{31DEEEFD-BE9C-449E-899C-11B633496364}"
EndProject
Project("{2150E333-8FDC-42A3-9474-1A3956D46DE8}") = "Solution Items", "Solution Items", "{60E53369-2F5B-4DB7-84EC-24598FD3C513}"
	ProjectSection(SolutionItems) = preProject
		docker-compose.yml = docker-compose.yml
		Directory.Build.props = Directory.Build.props
	EndProjectSection
EndProject
Project("{2150E333-8FDC-42A3-9474-1A3956D46DE8}") = "Tests", "Tests", "{FA206EBB-7262-4CB0-BA18-921EBE1D1E67}"
EndProject
Project("{FAE04EC0-301F-11D3-BF4B-00C04F79EFBC}") = "Motorent.Domain.UnitTests", "test\Motorent.Domain.UnitTests\Motorent.Domain.UnitTests.csproj", "{3051FA0E-87DD-45C9-8908-78273565B892}"
EndProject
Project("{FAE04EC0-301F-11D3-BF4B-00C04F79EFBC}") = "Motorent.Application.UnitTests", "test\Motorent.Application.UnitTests\Motorent.Application.UnitTests.csproj", "{DC27CDB2-D6B5-4B27-8E4B-6D5277CD4316}"
EndProject
Project("{FAE04EC0-301F-11D3-BF4B-00C04F79EFBC}") = "Motorent.Infrastructure.UnitTests", "test\Motorent.Infrastructure.UnitTests\Motorent.Infrastructure.UnitTests.csproj", "{1BA139F0-C6F8-422A-8C77-878ECDB019B3}"
EndProject
Project("{FAE04EC0-301F-11D3-BF4B-00C04F79EFBC}") = "Motorent.Api.IntegrationTests", "test\Motorent.Api.IntegrationTests\Motorent.Api.IntegrationTests.csproj", "{9E49B75B-1F52-458D-9DF0-824D0CD708F7}"
EndProject
Project("{FAE04EC0-301F-11D3-BF4B-00C04F79EFBC}") = "Motorent.TestUtils", "test\Motorent.TestUtils\Motorent.TestUtils.csproj", "{2833E646-3E47-42CE-9988-C1CEF9A9794C}"
EndProject
Global
	GlobalSection(SolutionConfigurationPlatforms) = preSolution
		Debug|Any CPU = Debug|Any CPU
		Release|Any CPU = Release|Any CPU
	EndGlobalSection
	GlobalSection(ProjectConfigurationPlatforms) = postSolution
		{EFF765F1-FC47-4BDA-B3DA-5A1AC1DA3123}.Debug|Any CPU.ActiveCfg = Debug|Any CPU
		{EFF765F1-FC47-4BDA-B3DA-5A1AC1DA3123}.Debug|Any CPU.Build.0 = Debug|Any CPU
		{EFF765F1-FC47-4BDA-B3DA-5A1AC1DA3123}.Release|Any CPU.ActiveCfg = Release|Any CPU
		{EFF765F1-FC47-4BDA-B3DA-5A1AC1DA3123}.Release|Any CPU.Build.0 = Release|Any CPU
		{534055CF-D270-4352-B880-15FAFEBEFEC9}.Debug|Any CPU.ActiveCfg = Debug|Any CPU
		{534055CF-D270-4352-B880-15FAFEBEFEC9}.Debug|Any CPU.Build.0 = Debug|Any CPU
		{534055CF-D270-4352-B880-15FAFEBEFEC9}.Release|Any CPU.ActiveCfg = Release|Any CPU
		{534055CF-D270-4352-B880-15FAFEBEFEC9}.Release|Any CPU.Build.0 = Release|Any CPU
		{86DF314D-A7AF-4D94-80D7-5B29FF1DC371}.Debug|Any CPU.ActiveCfg = Debug|Any CPU
		{86DF314D-A7AF-4D94-80D7-5B29FF1DC371}.Debug|Any CPU.Build.0 = Debug|Any CPU
		{86DF314D-A7AF-4D94-80D7-5B29FF1DC371}.Release|Any CPU.ActiveCfg = Release|Any CPU
		{86DF314D-A7AF-4D94-80D7-5B29FF1DC371}.Release|Any CPU.Build.0 = Release|Any CPU
		{CB9198CF-9846-4B3F-AD35-3F57D48BF31F}.Debug|Any CPU.ActiveCfg = Debug|Any CPU
		{CB9198CF-9846-4B3F-AD35-3F57D48BF31F}.Debug|Any CPU.Build.0 = Debug|Any CPU
		{CB9198CF-9846-4B3F-AD35-3F57D48BF31F}.Release|Any CPU.ActiveCfg = Release|Any CPU
		{CB9198CF-9846-4B3F-AD35-3F57D48BF31F}.Release|Any CPU.Build.0 = Release|Any CPU
		{EF927DA2-0BFF-4BD7-8C95-24BD4B29AB1C}.Debug|Any CPU.ActiveCfg = Debug|Any CPU
		{EF927DA2-0BFF-4BD7-8C95-24BD4B29AB1C}.Debug|Any CPU.Build.0 = Debug|Any CPU
		{EF927DA2-0BFF-4BD7-8C95-24BD4B29AB1C}.Release|Any CPU.ActiveCfg = Release|Any CPU
		{EF927DA2-0BFF-4BD7-8C95-24BD4B29AB1C}.Release|Any CPU.Build.0 = Release|Any CPU
		{31DEEEFD-BE9C-449E-899C-11B633496364}.Debug|Any CPU.ActiveCfg = Debug|Any CPU
		{31DEEEFD-BE9C-449E-899C-11B633496364}.Debug|Any CPU.Build.0 = Debug|Any CPU
		{31DEEEFD-BE9C-449E-899C-11B633496364}.Release|Any CPU.ActiveCfg = Release|Any CPU
		{31DEEEFD-BE9C-449E-899C-11B633496364}.Release|Any CPU.Build.0 = Release|Any CPU
		{3051FA0E-87DD-45C9-8908-78273565B892}.Debug|Any CPU.ActiveCfg = Debug|Any CPU
		{3051FA0E-87DD-45C9-8908-78273565B892}.Debug|Any CPU.Build.0 = Debug|Any CPU
		{3051FA0E-87DD-45C9-8908-78273565B892}.Release|Any CPU.ActiveCfg = Release|Any CPU
		{3051FA0E-87DD-45C9-8908-78273565B892}.Release|Any CPU.Build.0 = Release|Any CPU
		{DC27CDB2-D6B5-4B27-8E4B-6D5277CD4316}.Debug|Any CPU.ActiveCfg = Debug|Any CPU
		{DC27CDB2-D6B5-4B27-8E4B-6D5277CD4316}.Debug|Any CPU.Build.0 = Debug|Any CPU
		{DC27CDB2-D6B5-4B27-8E4B-6D5277CD4316}.Release|Any CPU.ActiveCfg = Release|Any CPU
		{DC27CDB2-D6B5-4B27-8E4B-6D5277CD4316}.Release|Any CPU.Build.0 = Release|Any CPU
		{1BA139F0-C6F8-422A-8C77-878ECDB019B3}.Debug|Any CPU.ActiveCfg = Debug|Any CPU
		{1BA139F0-C6F8-422A-8C77-878ECDB019B3}.Debug|Any CPU.Build.0 = Debug|Any CPU
		{1BA139F0-C6F8-422A-8C77-878ECDB019B3}.Release|Any CPU.ActiveCfg = Release|Any CPU
		{1BA139F0-C6F8-422A-8C77-878ECDB019B3}.Release|Any CPU.Build.0 = Release|Any CPU
		{9E49B75B-1F52-458D-9DF0-824D0CD708F7}.Debug|Any CPU.ActiveCfg = Debug|Any CPU
		{9E49B75B-1F52-458D-9DF0-824D0CD708F7}.Debug|Any CPU.Build.0 = Debug|Any CPU
		{9E49B75B-1F52-458D-9DF0-824D0CD708F7}.Release|Any CPU.ActiveCfg = Release|Any CPU
		{9E49B75B-1F52-458D-9DF0-824D0CD708F7}.Release|Any CPU.Build.0 = Release|Any CPU
		{2833E646-3E47-42CE-9988-C1CEF9A9794C}.Debug|Any CPU.ActiveCfg = Debug|Any CPU
		{2833E646-3E47-42CE-9988-C1CEF9A9794C}.Debug|Any CPU.Build.0 = Debug|Any CPU
		{2833E646-3E47-42CE-9988-C1CEF9A9794C}.Release|Any CPU.ActiveCfg = Release|Any CPU
		{2833E646-3E47-42CE-9988-C1CEF9A9794C}.Release|Any CPU.Build.0 = Release|Any CPU
	EndGlobalSection
	GlobalSection(NestedProjects) = preSolution
		{3051FA0E-87DD-45C9-8908-78273565B892} = {FA206EBB-7262-4CB0-BA18-921EBE1D1E67}
		{DC27CDB2-D6B5-4B27-8E4B-6D5277CD4316} = {FA206EBB-7262-4CB0-BA18-921EBE1D1E67}
		{1BA139F0-C6F8-422A-8C77-878ECDB019B3} = {FA206EBB-7262-4CB0-BA18-921EBE1D1E67}
		{9E49B75B-1F52-458D-9DF0-824D0CD708F7} = {FA206EBB-7262-4CB0-BA18-921EBE1D1E67}
		{2833E646-3E47-42CE-9988-C1CEF9A9794C} = {FA206EBB-7262-4CB0-BA18-921EBE1D1E67}
	EndGlobalSection
EndGlobal
