
Microsoft Visual Studio Solution File, Format Version 12.00
# Visual Studio Version 17
VisualStudioVersion = 17.5.002.0
MinimumVisualStudioVersion = 10.0.40219.1
Project("{9A19103F-16F7-4668-BE54-9A1E7A4F7556}") = "Motorcycle.Domain", "Motorcycle.Domain\Motorcycle.Domain.csproj", "{2FC94008-5AC9-4516-9A82-DAFFD3413503}"
EndProject
Project("{9A19103F-16F7-4668-BE54-9A1E7A4F7556}") = "Motorcycle.Core", "Motorcycle.Core\Motorcycle.Core.csproj", "{44A39878-35DD-4233-A525-2B73B53057ED}"
EndProject
Project("{9A19103F-16F7-4668-BE54-9A1E7A4F7556}") = "Motorcycle.Service", "Motorcycle.Service\Motorcycle.Service.csproj", "{7DDEE9E1-FEE7-4958-8B0F-6540AEE1FFF6}"
EndProject
Project("{9A19103F-16F7-4668-BE54-9A1E7A4F7556}") = "Motorcycle.Infra", "Motorcycle.Infra\Motorcycle.Infra.csproj", "{E8223736-FB91-4047-9D08-5003B975CFA5}"
EndProject
Project("{9A19103F-16F7-4668-BE54-9A1E7A4F7556}") = "Motorcycle.API", "Motorcycle.API\Motorcycle.API.csproj", "{093359E7-45D9-487D-A097-92DEA8E7D3F3}"
EndProject
Global
	GlobalSection(SolutionConfigurationPlatforms) = preSolution
		Debug|Any CPU = Debug|Any CPU
		Release|Any CPU = Release|Any CPU
	EndGlobalSection
	GlobalSection(ProjectConfigurationPlatforms) = postSolution
		{2FC94008-5AC9-4516-9A82-DAFFD3413503}.Debug|Any CPU.ActiveCfg = Debug|Any CPU
		{2FC94008-5AC9-4516-9A82-DAFFD3413503}.Debug|Any CPU.Build.0 = Debug|Any CPU
		{2FC94008-5AC9-4516-9A82-DAFFD3413503}.Release|Any CPU.ActiveCfg = Release|Any CPU
		{2FC94008-5AC9-4516-9A82-DAFFD3413503}.Release|Any CPU.Build.0 = Release|Any CPU
		{44A39878-35DD-4233-A525-2B73B53057ED}.Debug|Any CPU.ActiveCfg = Debug|Any CPU
		{44A39878-35DD-4233-A525-2B73B53057ED}.Debug|Any CPU.Build.0 = Debug|Any CPU
		{44A39878-35DD-4233-A525-2B73B53057ED}.Release|Any CPU.ActiveCfg = Release|Any CPU
		{44A39878-35DD-4233-A525-2B73B53057ED}.Release|Any CPU.Build.0 = Release|Any CPU
		{7DDEE9E1-FEE7-4958-8B0F-6540AEE1FFF6}.Debug|Any CPU.ActiveCfg = Debug|Any CPU
		{7DDEE9E1-FEE7-4958-8B0F-6540AEE1FFF6}.Debug|Any CPU.Build.0 = Debug|Any CPU
		{7DDEE9E1-FEE7-4958-8B0F-6540AEE1FFF6}.Release|Any CPU.ActiveCfg = Release|Any CPU
		{7DDEE9E1-FEE7-4958-8B0F-6540AEE1FFF6}.Release|Any CPU.Build.0 = Release|Any CPU
		{E8223736-FB91-4047-9D08-5003B975CFA5}.Debug|Any CPU.ActiveCfg = Debug|Any CPU
		{E8223736-FB91-4047-9D08-5003B975CFA5}.Debug|Any CPU.Build.0 = Debug|Any CPU
		{E8223736-FB91-4047-9D08-5003B975CFA5}.Release|Any CPU.ActiveCfg = Release|Any CPU
		{E8223736-FB91-4047-9D08-5003B975CFA5}.Release|Any CPU.Build.0 = Release|Any CPU
		{093359E7-45D9-487D-A097-92DEA8E7D3F3}.Debug|Any CPU.ActiveCfg = Debug|Any CPU
		{093359E7-45D9-487D-A097-92DEA8E7D3F3}.Debug|Any CPU.Build.0 = Debug|Any CPU
		{093359E7-45D9-487D-A097-92DEA8E7D3F3}.Release|Any CPU.ActiveCfg = Release|Any CPU
		{093359E7-45D9-487D-A097-92DEA8E7D3F3}.Release|Any CPU.Build.0 = Release|Any CPU
	EndGlobalSection
	GlobalSection(SolutionProperties) = preSolution
		HideSolutionNode = FALSE
	EndGlobalSection
	GlobalSection(ExtensibilityGlobals) = postSolution
		SolutionGuid = {2E720231-C387-4E7E-BCCE-06F1DC98F446}
	EndGlobalSection
EndGlobal
